// !$*UTF8*$!
{
	archiveVersion = 1;
	classes = {
	};
	objectVersion = 55;
	objects = {

/* Begin PBXBuildFile section */
		A53DAE8A2869A11800D80DB3 /* AppWideStateExampleApp.swift in Sources */ = {isa = PBXBuildFile; fileRef = A53DAE892869A11800D80DB3 /* AppWideStateExampleApp.swift */; };
		A53DAE8C2869A11800D80DB3 /* ContentView.swift in Sources */ = {isa = PBXBuildFile; fileRef = A53DAE8B2869A11800D80DB3 /* ContentView.swift */; };
		A53DAE8E2869A11900D80DB3 /* Assets.xcassets in Resources */ = {isa = PBXBuildFile; fileRef = A53DAE8D2869A11900D80DB3 /* Assets.xcassets */; };
		A53DAE912869A11900D80DB3 /* Preview Assets.xcassets in Resources */ = {isa = PBXBuildFile; fileRef = A53DAE902869A11900D80DB3 /* Preview Assets.xcassets */; };
		A53DAE992869A13F00D80DB3 /* AppStateContainer.swift in Sources */ = {isa = PBXBuildFile; fileRef = A53DAE982869A13F00D80DB3 /* AppStateContainer.swift */; };
		A53DAE9D2869AC2400D80DB3 /* ToastView.swift in Sources */ = {isa = PBXBuildFile; fileRef = A53DAE9C2869AC2400D80DB3 /* ToastView.swift */; };
		A53DAE9F286A0CD600D80DB3 /* BottomSheetView.swift in Sources */ = {isa = PBXBuildFile; fileRef = A53DAE9E286A0CD600D80DB3 /* BottomSheetView.swift */; };
		A53DAEA2286A34EB00D80DB3 /* Factory in Frameworks */ = {isa = PBXBuildFile; productRef = A53DAEA1286A34EB00D80DB3 /* Factory */; };
		A53DAEA4286A354500D80DB3 /* App+Injection.swift in Sources */ = {isa = PBXBuildFile; fileRef = A53DAEA3286A354500D80DB3 /* App+Injection.swift */; };
/* End PBXBuildFile section */

/* Begin PBXFileReference section */
		A53DAE862869A11800D80DB3 /* AppWideStateExample.app */ = {isa = PBXFileReference; explicitFileType = wrapper.application; includeInIndex = 0; path = AppWideStateExample.app; sourceTree = BUILT_PRODUCTS_DIR; };
		A53DAE892869A11800D80DB3 /* AppWideStateExampleApp.swift */ = {isa = PBXFileReference; lastKnownFileType = sourcecode.swift; path = AppWideStateExampleApp.swift; sourceTree = "<group>"; };
		A53DAE8B2869A11800D80DB3 /* ContentView.swift */ = {isa = PBXFileReference; lastKnownFileType = sourcecode.swift; path = ContentView.swift; sourceTree = "<group>"; };
		A53DAE8D2869A11900D80DB3 /* Assets.xcassets */ = {isa = PBXFileReference; lastKnownFileType = folder.assetcatalog; path = Assets.xcassets; sourceTree = "<group>"; };
		A53DAE902869A11900D80DB3 /* Preview Assets.xcassets */ = {isa = PBXFileReference; lastKnownFileType = folder.assetcatalog; path = "Preview Assets.xcassets"; sourceTree = "<group>"; };
		A53DAE982869A13F00D80DB3 /* AppStateContainer.swift */ = {isa = PBXFileReference; lastKnownFileType = sourcecode.swift; path = AppStateContainer.swift; sourceTree = "<group>"; };
		A53DAE9C2869AC2400D80DB3 /* ToastView.swift */ = {isa = PBXFileReference; lastKnownFileType = sourcecode.swift; path = ToastView.swift; sourceTree = "<group>"; };
		A53DAE9E286A0CD600D80DB3 /* BottomSheetView.swift */ = {isa = PBXFileReference; lastKnownFileType = sourcecode.swift; path = BottomSheetView.swift; sourceTree = "<group>"; };
		A53DAEA3286A354500D80DB3 /* App+Injection.swift */ = {isa = PBXFileReference; lastKnownFileType = sourcecode.swift; path = "App+Injection.swift"; sourceTree = "<group>"; };
/* End PBXFileReference section */

/* Begin PBXFrameworksBuildPhase section */
		A53DAE832869A11800D80DB3 /* Frameworks */ = {
			isa = PBXFrameworksBuildPhase;
			buildActionMask = 2147483647;
			files = (
				A53DAEA2286A34EB00D80DB3 /* Factory in Frameworks */,
			);
			runOnlyForDeploymentPostprocessing = 0;
		};
/* End PBXFrameworksBuildPhase section */

/* Begin PBXGroup section */
		A53DAE7D2869A11800D80DB3 = {
			isa = PBXGroup;
			children = (
				A53DAE882869A11800D80DB3 /* AppWideStateExample */,
				A53DAE872869A11800D80DB3 /* Products */,
			);
			sourceTree = "<group>";
		};
		A53DAE872869A11800D80DB3 /* Products */ = {
			isa = PBXGroup;
			children = (
				A53DAE862869A11800D80DB3 /* AppWideStateExample.app */,
			);
			name = Products;
			sourceTree = "<group>";
		};
		A53DAE882869A11800D80DB3 /* AppWideStateExample */ = {
			isa = PBXGroup;
			children = (
				A53DAE9B2869AA9B00D80DB3 /* bottom sheet */,
				A53DAE9A2869AA9600D80DB3 /* toast */,
				A53DAE972869A12B00D80DB3 /* Container */,
				A53DAE892869A11800D80DB3 /* AppWideStateExampleApp.swift */,
				A53DAE8B2869A11800D80DB3 /* ContentView.swift */,
				A53DAE8D2869A11900D80DB3 /* Assets.xcassets */,
				A53DAE8F2869A11900D80DB3 /* Preview Content */,
				A53DAEA3286A354500D80DB3 /* App+Injection.swift */,
			);
			path = AppWideStateExample;
			sourceTree = "<group>";
		};
		A53DAE8F2869A11900D80DB3 /* Preview Content */ = {
			isa = PBXGroup;
			children = (
				A53DAE902869A11900D80DB3 /* Preview Assets.xcassets */,
			);
			path = "Preview Content";
			sourceTree = "<group>";
		};
		A53DAE972869A12B00D80DB3 /* Container */ = {
			isa = PBXGroup;
			children = (
				A53DAE982869A13F00D80DB3 /* AppStateContainer.swift */,
			);
			path = Container;
			sourceTree = "<group>";
		};
		A53DAE9A2869AA9600D80DB3 /* toast */ = {
			isa = PBXGroup;
			children = (
				A53DAE9C2869AC2400D80DB3 /* ToastView.swift */,
			);
			path = toast;
			sourceTree = "<group>";
		};
		A53DAE9B2869AA9B00D80DB3 /* bottom sheet */ = {
			isa = PBXGroup;
			children = (
				A53DAE9E286A0CD600D80DB3 /* BottomSheetView.swift */,
			);
			path = "bottom sheet";
			sourceTree = "<group>";
		};
/* End PBXGroup section */

/* Begin PBXNativeTarget section */
		A53DAE852869A11800D80DB3 /* AppWideStateExample */ = {
			isa = PBXNativeTarget;
			buildConfigurationList = A53DAE942869A11900D80DB3 /* Build configuration list for PBXNativeTarget "AppWideStateExample" */;
			buildPhases = (
				A53DAE822869A11800D80DB3 /* Sources */,
				A53DAE832869A11800D80DB3 /* Frameworks */,
				A53DAE842869A11800D80DB3 /* Resources */,
			);
			buildRules = (
			);
			dependencies = (
			);
			name = AppWideStateExample;
			packageProductDependencies = (
				A53DAEA1286A34EB00D80DB3 /* Factory */,
			);
			productName = AppWideStateExample;
			productReference = A53DAE862869A11800D80DB3 /* AppWideStateExample.app */;
			productType = "com.apple.product-type.application";
		};
/* End PBXNativeTarget section */

/* Begin PBXProject section */
		A53DAE7E2869A11800D80DB3 /* Project object */ = {
			isa = PBXProject;
			attributes = {
				BuildIndependentTargetsInParallel = 1;
				LastSwiftUpdateCheck = 1340;
				LastUpgradeCheck = 1340;
				TargetAttributes = {
					A53DAE852869A11800D80DB3 = {
						CreatedOnToolsVersion = 13.4.1;
					};
				};
			};
			buildConfigurationList = A53DAE812869A11800D80DB3 /* Build configuration list for PBXProject "AppWideStateExample" */;
			compatibilityVersion = "Xcode 13.0";
			developmentRegion = en;
			hasScannedForEncodings = 0;
			knownRegions = (
				en,
				Base,
			);
			mainGroup = A53DAE7D2869A11800D80DB3;
			packageReferences = (
				A53DAEA0286A34EB00D80DB3 /* XCRemoteSwiftPackageReference "Factory" */,
			);
			productRefGroup = A53DAE872869A11800D80DB3 /* Products */;
			projectDirPath = "";
			projectRoot = "";
			targets = (
				A53DAE852869A11800D80DB3 /* AppWideStateExample */,
			);
		};
/* End PBXProject section */

/* Begin PBXResourcesBuildPhase section */
		A53DAE842869A11800D80DB3 /* Resources */ = {
			isa = PBXResourcesBuildPhase;
			buildActionMask = 2147483647;
			files = (
				A53DAE912869A11900D80DB3 /* Preview Assets.xcassets in Resources */,
				A53DAE8E2869A11900D80DB3 /* Assets.xcassets in Resources */,
			);
			runOnlyForDeploymentPostprocessing = 0;
		};
/* End PBXResourcesBuildPhase section */

/* Begin PBXSourcesBuildPhase section */
		A53DAE822869A11800D80DB3 /* Sources */ = {
			isa = PBXSourcesBuildPhase;
			buildActionMask = 2147483647;
			files = (
				A53DAE9D2869AC2400D80DB3 /* ToastView.swift in Sources */,
				A53DAEA4286A354500D80DB3 /* App+Injection.swift in Sources */,
				A53DAE9F286A0CD600D80DB3 /* BottomSheetView.swift in Sources */,
				A53DAE992869A13F00D80DB3 /* AppStateContainer.swift in Sources */,
				A53DAE8C2869A11800D80DB3 /* ContentView.swift in Sources */,
				A53DAE8A2869A11800D80DB3 /* AppWideStateExampleApp.swift in Sources */,
			);
			runOnlyForDeploymentPostprocessing = 0;
		};
/* End PBXSourcesBuildPhase section */

/* Begin XCBuildConfiguration section */
		A53DAE922869A11900D80DB3 /* Debug */ = {
			isa = XCBuildConfiguration;
			buildSettings = {
				ALWAYS_SEARCH_USER_PATHS = NO;
				CLANG_ANALYZER_NONNULL = YES;
				CLANG_ANALYZER_NUMBER_OBJECT_CONVERSION = YES_AGGRESSIVE;
				CLANG_CXX_LANGUAGE_STANDARD = "gnu++17";
				CLANG_ENABLE_MODULES = YES;
				CLANG_ENABLE_OBJC_ARC = YES;
				CLANG_ENABLE_OBJC_WEAK = YES;
				CLANG_WARN_BLOCK_CAPTURE_AUTORELEASING = YES;
				CLANG_WARN_BOOL_CONVERSION = YES;
				CLANG_WARN_COMMA = YES;
				CLANG_WARN_CONSTANT_CONVERSION = YES;
				CLANG_WARN_DEPRECATED_OBJC_IMPLEMENTATIONS = YES;
				CLANG_WARN_DIRECT_OBJC_ISA_USAGE = YES_ERROR;
				CLANG_WARN_DOCUMENTATION_COMMENTS = YES;
				CLANG_WARN_EMPTY_BODY = YES;
				CLANG_WARN_ENUM_CONVERSION = YES;
				CLANG_WARN_INFINITE_RECURSION = YES;
				CLANG_WARN_INT_CONVERSION = YES;
				CLANG_WARN_NON_LITERAL_NULL_CONVERSION = YES;
				CLANG_WARN_OBJC_IMPLICIT_RETAIN_SELF = YES;
				CLANG_WARN_OBJC_LITERAL_CONVERSION = YES;
				CLANG_WARN_OBJC_ROOT_CLASS = YES_ERROR;
				CLANG_WARN_QUOTED_INCLUDE_IN_FRAMEWORK_HEADER = YES;
				CLANG_WARN_RANGE_LOOP_ANALYSIS = YES;
				CLANG_WARN_STRICT_PROTOTYPES = YES;
				CLANG_WARN_SUSPICIOUS_MOVE = YES;
				CLANG_WARN_UNGUARDED_AVAILABILITY = YES_AGGRESSIVE;
				CLANG_WARN_UNREACHABLE_CODE = YES;
				CLANG_WARN__DUPLICATE_METHOD_MATCH = YES;
				COPY_PHASE_STRIP = NO;
				DEBUG_INFORMATION_FORMAT = dwarf;
				ENABLE_STRICT_OBJC_MSGSEND = YES;
				ENABLE_TESTABILITY = YES;
				GCC_C_LANGUAGE_STANDARD = gnu11;
				GCC_DYNAMIC_NO_PIC = NO;
				GCC_NO_COMMON_BLOCKS = YES;
				GCC_OPTIMIZATION_LEVEL = 0;
				GCC_PREPROCESSOR_DEFINITIONS = (
					"DEBUG=1",
					"$(inherited)",
				);
				GCC_WARN_64_TO_32_BIT_CONVERSION = YES;
				GCC_WARN_ABOUT_RETURN_TYPE = YES_ERROR;
				GCC_WARN_UNDECLARED_SELECTOR = YES;
				GCC_WARN_UNINITIALIZED_AUTOS = YES_AGGRESSIVE;
				GCC_WARN_UNUSED_FUNCTION = YES;
				GCC_WARN_UNUSED_VARIABLE = YES;
				IPHONEOS_DEPLOYMENT_TARGET = 15.5;
				MTL_ENABLE_DEBUG_INFO = INCLUDE_SOURCE;
				MTL_FAST_MATH = YES;
				ONLY_ACTIVE_ARCH = YES;
				SDKROOT = iphoneos;
				SWIFT_ACTIVE_COMPILATION_CONDITIONS = DEBUG;
				SWIFT_OPTIMIZATION_LEVEL = "-Onone";
			};
			name = Debug;
		};
		A53DAE932869A11900D80DB3 /* Release */ = {
			isa = XCBuildConfiguration;
			buildSettings = {
				ALWAYS_SEARCH_USER_PATHS = NO;
				CLANG_ANALYZER_NONNULL = YES;
				CLANG_ANALYZER_NUMBER_OBJECT_CONVERSION = YES_AGGRESSIVE;
				CLANG_CXX_LANGUAGE_STANDARD = "gnu++17";
				CLANG_ENABLE_MODULES = YES;
				CLANG_ENABLE_OBJC_ARC = YES;
				CLANG_ENABLE_OBJC_WEAK = YES;
				CLANG_WARN_BLOCK_CAPTURE_AUTORELEASING = YES;
				CLANG_WARN_BOOL_CONVERSION = YES;
				CLANG_WARN_COMMA = YES;
				CLANG_WARN_CONSTANT_CONVERSION = YES;
				CLANG_WARN_DEPRECATED_OBJC_IMPLEMENTATIONS = YES;
				CLANG_WARN_DIRECT_OBJC_ISA_USAGE = YES_ERROR;
				CLANG_WARN_DOCUMENTATION_COMMENTS = YES;
				CLANG_WARN_EMPTY_BODY = YES;
				CLANG_WARN_ENUM_CONVERSION = YES;
				CLANG_WARN_INFINITE_RECURSION = YES;
				CLANG_WARN_INT_CONVERSION = YES;
				CLANG_WARN_NON_LITERAL_NULL_CONVERSION = YES;
				CLANG_WARN_OBJC_IMPLICIT_RETAIN_SELF = YES;
				CLANG_WARN_OBJC_LITERAL_CONVERSION = YES;
				CLANG_WARN_OBJC_ROOT_CLASS = YES_ERROR;
				CLANG_WARN_QUOTED_INCLUDE_IN_FRAMEWORK_HEADER = YES;
				CLANG_WARN_RANGE_LOOP_ANALYSIS = YES;
				CLANG_WARN_STRICT_PROTOTYPES = YES;
				CLANG_WARN_SUSPICIOUS_MOVE = YES;
				CLANG_WARN_UNGUARDED_AVAILABILITY = YES_AGGRESSIVE;
				CLANG_WARN_UNREACHABLE_CODE = YES;
				CLANG_WARN__DUPLICATE_METHOD_MATCH = YES;
				COPY_PHASE_STRIP = NO;
				DEBUG_INFORMATION_FORMAT = "dwarf-with-dsym";
				ENABLE_NS_ASSERTIONS = NO;
				ENABLE_STRICT_OBJC_MSGSEND = YES;
				GCC_C_LANGUAGE_STANDARD = gnu11;
				GCC_NO_COMMON_BLOCKS = YES;
				GCC_WARN_64_TO_32_BIT_CONVERSION = YES;
				GCC_WARN_ABOUT_RETURN_TYPE = YES_ERROR;
				GCC_WARN_UNDECLARED_SELECTOR = YES;
				GCC_WARN_UNINITIALIZED_AUTOS = YES_AGGRESSIVE;
				GCC_WARN_UNUSED_FUNCTION = YES;
				GCC_WARN_UNUSED_VARIABLE = YES;
				IPHONEOS_DEPLOYMENT_TARGET = 15.5;
				MTL_ENABLE_DEBUG_INFO = NO;
				MTL_FAST_MATH = YES;
				SDKROOT = iphoneos;
				SWIFT_COMPILATION_MODE = wholemodule;
				SWIFT_OPTIMIZATION_LEVEL = "-O";
				VALIDATE_PRODUCT = YES;
			};
			name = Release;
		};
		A53DAE952869A11900D80DB3 /* Debug */ = {
			isa = XCBuildConfiguration;
			buildSettings = {
				ASSETCATALOG_COMPILER_APPICON_NAME = AppIcon;
				ASSETCATALOG_COMPILER_GLOBAL_ACCENT_COLOR_NAME = AccentColor;
				CODE_SIGN_STYLE = Automatic;
				CURRENT_PROJECT_VERSION = 1;
				DEVELOPMENT_ASSET_PATHS = "\"AppWideStateExample/Preview Content\"";
				DEVELOPMENT_TEAM = 3TWGFL8TCV;
				ENABLE_PREVIEWS = YES;
				GENERATE_INFOPLIST_FILE = YES;
				INFOPLIST_KEY_UIApplicationSceneManifest_Generation = YES;
				INFOPLIST_KEY_UIApplicationSupportsIndirectInputEvents = YES;
				INFOPLIST_KEY_UILaunchScreen_Generation = YES;
				INFOPLIST_KEY_UISupportedInterfaceOrientations_iPad = "UIInterfaceOrientationPortrait UIInterfaceOrientationPortraitUpsideDown UIInterfaceOrientationLandscapeLeft UIInterfaceOrientationLandscapeRight";
				INFOPLIST_KEY_UISupportedInterfaceOrientations_iPhone = "UIInterfaceOrientationPortrait UIInterfaceOrientationLandscapeLeft UIInterfaceOrientationLandscapeRight";
				LD_RUNPATH_SEARCH_PATHS = (
					"$(inherited)",
					"@executable_path/Frameworks",
				);
				MARKETING_VERSION = 1.0;
				PRODUCT_BUNDLE_IDENTIFIER = com.andiasrafil.AppWideStateExample;
				PRODUCT_NAME = "$(TARGET_NAME)";
				SWIFT_EMIT_LOC_STRINGS = YES;
				SWIFT_VERSION = 5.0;
				TARGETED_DEVICE_FAMILY = "1,2";
			};
			name = Debug;
		};
		A53DAE962869A11900D80DB3 /* Release */ = {
			isa = XCBuildConfiguration;
			buildSettings = {
				ASSETCATALOG_COMPILER_APPICON_NAME = AppIcon;
				ASSETCATALOG_COMPILER_GLOBAL_ACCENT_COLOR_NAME = AccentColor;
				CODE_SIGN_STYLE = Automatic;
				CURRENT_PROJECT_VERSION = 1;
				DEVELOPMENT_ASSET_PATHS = "\"AppWideStateExample/Preview Content\"";
				DEVELOPMENT_TEAM = 3TWGFL8TCV;
				ENABLE_PREVIEWS = YES;
				GENERATE_INFOPLIST_FILE = YES;
				INFOPLIST_KEY_UIApplicationSceneManifest_Generation = YES;
				INFOPLIST_KEY_UIApplicationSupportsIndirectInputEvents = YES;
				INFOPLIST_KEY_UILaunchScreen_Generation = YES;
				INFOPLIST_KEY_UISupportedInterfaceOrientations_iPad = "UIInterfaceOrientationPortrait UIInterfaceOrientationPortraitUpsideDown UIInterfaceOrientationLandscapeLeft UIInterfaceOrientationLandscapeRight";
				INFOPLIST_KEY_UISupportedInterfaceOrientations_iPhone = "UIInterfaceOrientationPortrait UIInterfaceOrientationLandscapeLeft UIInterfaceOrientationLandscapeRight";
				LD_RUNPATH_SEARCH_PATHS = (
					"$(inherited)",
					"@executable_path/Frameworks",
				);
				MARKETING_VERSION = 1.0;
				PRODUCT_BUNDLE_IDENTIFIER = com.andiasrafil.AppWideStateExample;
				PRODUCT_NAME = "$(TARGET_NAME)";
				SWIFT_EMIT_LOC_STRINGS = YES;
				SWIFT_VERSION = 5.0;
				TARGETED_DEVICE_FAMILY = "1,2";
			};
			name = Release;
		};
/* End XCBuildConfiguration section */

/* Begin XCConfigurationList section */
		A53DAE812869A11800D80DB3 /* Build configuration list for PBXProject "AppWideStateExample" */ = {
			isa = XCConfigurationList;
			buildConfigurations = (
				A53DAE922869A11900D80DB3 /* Debug */,
				A53DAE932869A11900D80DB3 /* Release */,
			);
			defaultConfigurationIsVisible = 0;
			defaultConfigurationName = Release;
		};
		A53DAE942869A11900D80DB3 /* Build configuration list for PBXNativeTarget "AppWideStateExample" */ = {
			isa = XCConfigurationList;
			buildConfigurations = (
				A53DAE952869A11900D80DB3 /* Debug */,
				A53DAE962869A11900D80DB3 /* Release */,
			);
			defaultConfigurationIsVisible = 0;
			defaultConfigurationName = Release;
		};
/* End XCConfigurationList section */

/* Begin XCRemoteSwiftPackageReference section */
		A53DAEA0286A34EB00D80DB3 /* XCRemoteSwiftPackageReference "Factory" */ = {
			isa = XCRemoteSwiftPackageReference;
			repositoryURL = "https://github.com/hmlongco/Factory";
			requirement = {
				kind = upToNextMajorVersion;
				minimumVersion = 1.0.0;
			};
		};
/* End XCRemoteSwiftPackageReference section */

/* Begin XCSwiftPackageProductDependency section */
		A53DAEA1286A34EB00D80DB3 /* Factory */ = {
			isa = XCSwiftPackageProductDependency;
			package = A53DAEA0286A34EB00D80DB3 /* XCRemoteSwiftPackageReference "Factory" */;
			productName = Factory;
		};
/* End XCSwiftPackageProductDependency section */
	};
	rootObject = A53DAE7E2869A11800D80DB3 /* Project object */;
}
